
Microsoft Visual Studio Solution File, Format Version 12.00
# Visual Studio 15
VisualStudioVersion = 15.0.28307.489
MinimumVisualStudioVersion = 10.0.40219.1
Project("{FAE04EC0-301F-11D3-BF4B-00C04F79EFBC}") = "BREngine", "BREngine\BREngine.csproj", "{44BCA0D6-2190-4300-B56A-1C1146952022}"
EndProject
Project("{FAE04EC0-301F-11D3-BF4B-00C04F79EFBC}") = "BRUnitTest", "BRUnitTest\BRUnitTest.csproj", "{0C2B9F51-A22E-4D83-92CF-97765EE7EFC7}"
EndProject
Global
	GlobalSection(SolutionConfigurationPlatforms) = preSolution
		Debug|Any CPU = Debug|Any CPU
		Release|Any CPU = Release|Any CPU
	EndGlobalSection
	GlobalSection(ProjectConfigurationPlatforms) = postSolution
		{44BCA0D6-2190-4300-B56A-1C1146952022}.Debug|Any CPU.ActiveCfg = Debug|Any CPU
		{44BCA0D6-2190-4300-B56A-1C1146952022}.Debug|Any CPU.Build.0 = Debug|Any CPU
		{44BCA0D6-2190-4300-B56A-1C1146952022}.Release|Any CPU.ActiveCfg = Release|Any CPU
		{44BCA0D6-2190-4300-B56A-1C1146952022}.Release|Any CPU.Build.0 = Release|Any CPU
		{0C2B9F51-A22E-4D83-92CF-97765EE7EFC7}.Debug|Any CPU.ActiveCfg = Debug|Any CPU
		{0C2B9F51-A22E-4D83-92CF-97765EE7EFC7}.Debug|Any CPU.Build.0 = Debug|Any CPU
		{0C2B9F51-A22E-4D83-92CF-97765EE7EFC7}.Release|Any CPU.ActiveCfg = Release|Any CPU
		{0C2B9F51-A22E-4D83-92CF-97765EE7EFC7}.Release|Any CPU.Build.0 = Release|Any CPU
	EndGlobalSection
	GlobalSection(SolutionProperties) = preSolution
		HideSolutionNode = FALSE
	EndGlobalSection
	GlobalSection(ExtensibilityGlobals) = postSolution
		SolutionGuid = {4641100E-10D6-42AA-A219-6E344F0668F6}
	EndGlobalSection
EndGlobal
